
Microsoft Visual Studio Solution File, Format Version 12.00
# Visual Studio Version 17
VisualStudioVersion = 17.2.32616.157
MinimumVisualStudioVersion = 10.0.40219.1
Project("{FAE04EC0-301F-11D3-BF4B-00C04F79EFBC}") = "HotelListing.Api", "HotelListing.Api\HotelListing.Api.csproj", "{89442E23-604D-44A1-8591-AB13F1E698C0}"
EndProject
Global
	GlobalSection(SolutionConfigurationPlatforms) = preSolution
		Debug|Any CPU = Debug|Any CPU
		Release|Any CPU = Release|Any CPU
	EndGlobalSection
	GlobalSection(ProjectConfigurationPlatforms) = postSolution
		{89442E23-604D-44A1-8591-AB13F1E698C0}.Debug|Any CPU.ActiveCfg = Debug|Any CPU
		{89442E23-604D-44A1-8591-AB13F1E698C0}.Debug|Any CPU.Build.0 = Debug|Any CPU
		{89442E23-604D-44A1-8591-AB13F1E698C0}.Release|Any CPU.ActiveCfg = Release|Any CPU
		{89442E23-604D-44A1-8591-AB13F1E698C0}.Release|Any CPU.Build.0 = Release|Any CPU
	EndGlobalSection
	GlobalSection(SolutionProperties) = preSolution
		HideSolutionNode = FALSE
	EndGlobalSection
	GlobalSection(ExtensibilityGlobals) = postSolution
		SolutionGuid = {A983295E-501A-41E6-8145-A39BFF4E568A}
	EndGlobalSection
EndGlobal
